
Microsoft Visual Studio Solution File, Format Version 12.00
# Visual Studio 15
VisualStudioVersion = 15.0.28010.2046
MinimumVisualStudioVersion = 10.0.40219.1
Project("{FAE04EC0-301F-11D3-BF4B-00C04F79EFBC}") = "PokemonGOCore", "PokemonGOCore\PokemonGOCore.csproj", "{0BD0FD5C-E161-4EB4-AE7D-D7832F1F3854}"
EndProject
Project("{FAE04EC0-301F-11D3-BF4B-00C04F79EFBC}") = "PokemonGoWeb", "PokemonGoWeb\PokemonGoWeb.csproj", "{0CD10063-E6EA-4897-A859-7D9BCAB83D81}"
EndProject
Global
	GlobalSection(SolutionConfigurationPlatforms) = preSolution
		Debug|Any CPU = Debug|Any CPU
		Release|Any CPU = Release|Any CPU
	EndGlobalSection
	GlobalSection(ProjectConfigurationPlatforms) = postSolution
		{0BD0FD5C-E161-4EB4-AE7D-D7832F1F3854}.Debug|Any CPU.ActiveCfg = Debug|Any CPU
		{0BD0FD5C-E161-4EB4-AE7D-D7832F1F3854}.Debug|Any CPU.Build.0 = Debug|Any CPU
		{0BD0FD5C-E161-4EB4-AE7D-D7832F1F3854}.Release|Any CPU.ActiveCfg = Release|Any CPU
		{0BD0FD5C-E161-4EB4-AE7D-D7832F1F3854}.Release|Any CPU.Build.0 = Release|Any CPU
		{0CD10063-E6EA-4897-A859-7D9BCAB83D81}.Debug|Any CPU.ActiveCfg = Debug|Any CPU
		{0CD10063-E6EA-4897-A859-7D9BCAB83D81}.Debug|Any CPU.Build.0 = Debug|Any CPU
		{0CD10063-E6EA-4897-A859-7D9BCAB83D81}.Release|Any CPU.ActiveCfg = Release|Any CPU
		{0CD10063-E6EA-4897-A859-7D9BCAB83D81}.Release|Any CPU.Build.0 = Release|Any CPU
	EndGlobalSection
	GlobalSection(SolutionProperties) = preSolution
		HideSolutionNode = FALSE
	EndGlobalSection
	GlobalSection(ExtensibilityGlobals) = postSolution
		SolutionGuid = {7BD69C35-0112-4C56-9530-834E443B3DB6}
	EndGlobalSection
EndGlobal
